
Microsoft Visual Studio Solution File, Format Version 12.00
# Visual Studio Version 16
VisualStudioVersion = 16.0.29123.89
MinimumVisualStudioVersion = 10.0.40219.1
Project("{FAE04EC0-301F-11D3-BF4B-00C04F79EFBC}") = "TdoT v.4", "TdoT v.4.csproj", "{236676B4-D2A4-4E54-85D2-5E5FC44796ED}"
EndProject
Global
	GlobalSection(SolutionConfigurationPlatforms) = preSolution
		Debug|Any CPU = Debug|Any CPU
		Release|Any CPU = Release|Any CPU
	EndGlobalSection
	GlobalSection(ProjectConfigurationPlatforms) = postSolution
		{236676B4-D2A4-4E54-85D2-5E5FC44796ED}.Debug|Any CPU.ActiveCfg = Debug|Any CPU
		{236676B4-D2A4-4E54-85D2-5E5FC44796ED}.Debug|Any CPU.Build.0 = Debug|Any CPU
		{236676B4-D2A4-4E54-85D2-5E5FC44796ED}.Release|Any CPU.ActiveCfg = Release|Any CPU
		{236676B4-D2A4-4E54-85D2-5E5FC44796ED}.Release|Any CPU.Build.0 = Release|Any CPU
	EndGlobalSection
	GlobalSection(SolutionProperties) = preSolution
		HideSolutionNode = FALSE
	EndGlobalSection
	GlobalSection(ExtensibilityGlobals) = postSolution
		SolutionGuid = {D2CBE1FF-7731-40F9-96F4-7B9E88D37CEE}
	EndGlobalSection
EndGlobal
